
Microsoft Visual Studio Solution File, Format Version 12.00
# Visual Studio Version 17
VisualStudioVersion = 17.7.34202.233
MinimumVisualStudioVersion = 10.0.40219.1
Project("{FAE04EC0-301F-11D3-BF4B-00C04F79EFBC}") = "WpfApp", "WpfApp\WpfApp.csproj", "{907FEE33-F62E-4089-8761-C66AD8308BB2}"
EndProject
Global
	GlobalSection(SolutionConfigurationPlatforms) = preSolution
		Debug|Any CPU = Debug|Any CPU
		Release|Any CPU = Release|Any CPU
	EndGlobalSection
	GlobalSection(ProjectConfigurationPlatforms) = postSolution
		{907FEE33-F62E-4089-8761-C66AD8308BB2}.Debug|Any CPU.ActiveCfg = Debug|Any CPU
		{907FEE33-F62E-4089-8761-C66AD8308BB2}.Debug|Any CPU.Build.0 = Debug|Any CPU
		{907FEE33-F62E-4089-8761-C66AD8308BB2}.Release|Any CPU.ActiveCfg = Release|Any CPU
		{907FEE33-F62E-4089-8761-C66AD8308BB2}.Release|Any CPU.Build.0 = Release|Any CPU
	EndGlobalSection
	GlobalSection(SolutionProperties) = preSolution
		HideSolutionNode = FALSE
	EndGlobalSection
	GlobalSection(ExtensibilityGlobals) = postSolution
		SolutionGuid = {24535FE5-39B5-49B9-95CC-6721E42EBBC7}
	EndGlobalSection
EndGlobal
